
Microsoft Visual Studio Solution File, Format Version 11.00
# Visual Studio 2010
Project("{FAE04EC0-301F-11D3-BF4B-00C04F79EFBC}") = "AlquileresMVC", "..\App_Web\AlquileresMVC\AlquileresMVC.csproj", "{98AECFAC-50E9-4411-BDBD-ABF97408A3B5}"
EndProject
Project("{FAE04EC0-301F-11D3-BF4B-00C04F79EFBC}") = "AlquileresMVC.Tests", "..\App_Web\AlquileresMVC.Tests\AlquileresMVC.Tests.csproj", "{851AF34C-5073-4086-B3D8-05D00450DED5}"
EndProject
Global
	GlobalSection(SolutionConfigurationPlatforms) = preSolution
		Debug|Any CPU = Debug|Any CPU
		Release|Any CPU = Release|Any CPU
	EndGlobalSection
	GlobalSection(ProjectConfigurationPlatforms) = postSolution
		{98AECFAC-50E9-4411-BDBD-ABF97408A3B5}.Debug|Any CPU.ActiveCfg = Debug|Any CPU
		{98AECFAC-50E9-4411-BDBD-ABF97408A3B5}.Debug|Any CPU.Build.0 = Debug|Any CPU
		{98AECFAC-50E9-4411-BDBD-ABF97408A3B5}.Release|Any CPU.ActiveCfg = Release|Any CPU
		{98AECFAC-50E9-4411-BDBD-ABF97408A3B5}.Release|Any CPU.Build.0 = Release|Any CPU
		{851AF34C-5073-4086-B3D8-05D00450DED5}.Debug|Any CPU.ActiveCfg = Debug|Any CPU
		{851AF34C-5073-4086-B3D8-05D00450DED5}.Debug|Any CPU.Build.0 = Debug|Any CPU
		{851AF34C-5073-4086-B3D8-05D00450DED5}.Release|Any CPU.ActiveCfg = Release|Any CPU
		{851AF34C-5073-4086-B3D8-05D00450DED5}.Release|Any CPU.Build.0 = Release|Any CPU
	EndGlobalSection
	GlobalSection(SolutionProperties) = preSolution
		HideSolutionNode = FALSE
	EndGlobalSection
EndGlobal
